// !$*UTF8*$!
{
	archiveVersion = 1;
	classes = {
	};
	objectVersion = 51;
	objects = {

/* Begin PBXBuildFile section */
		360E0EF426BD7CB438218D04 /* Pods_emojisTests.framework in Frameworks */ = {isa = PBXBuildFile; fileRef = 0E70094AC9B3FC400E50DB26 /* Pods_emojisTests.framework */; };
		AFEDC64C684FB7DC699FE161 /* Pods_emojis.framework in Frameworks */ = {isa = PBXBuildFile; fileRef = 823546A24CCBBA5DF648ED0D /* Pods_emojis.framework */; };
		BD592D1A4746C6FB2B63637F /* Pods_emojis_emojisUITests.framework in Frameworks */ = {isa = PBXBuildFile; fileRef = 8671914C8F21BFBFD88EE4E6 /* Pods_emojis_emojisUITests.framework */; };
		FA6CF69E26177E7E00FFBFF6 /* Emojis.xcdatamodeld in Sources */ = {isa = PBXBuildFile; fileRef = FA6CF69C26177E7E00FFBFF6 /* Emojis.xcdatamodeld */; };
		FA6CF6E726178B6200FFBFF6 /* CoreData.swift in Sources */ = {isa = PBXBuildFile; fileRef = FA6CF6E626178B6200FFBFF6 /* CoreData.swift */; };
		FA6CF7212618B28F00FFBFF6 /* EmojiListCoordinator.swift in Sources */ = {isa = PBXBuildFile; fileRef = FA6CF7202618B28F00FFBFF6 /* EmojiListCoordinator.swift */; };
		FA6CF7262618B2F800FFBFF6 /* EmojiListViewController.swift in Sources */ = {isa = PBXBuildFile; fileRef = FA6CF7252618B2F800FFBFF6 /* EmojiListViewController.swift */; };
		FA6CF7302618B45600FFBFF6 /* EmojiListViewModel.swift in Sources */ = {isa = PBXBuildFile; fileRef = FA6CF72F2618B45600FFBFF6 /* EmojiListViewModel.swift */; };
		FA6CF7422618BA9700FFBFF6 /* EmojiList.storyboard in Resources */ = {isa = PBXBuildFile; fileRef = FA6CF7412618BA9700FFBFF6 /* EmojiList.storyboard */; };
		FA6CF7582618CB3000FFBFF6 /* EmojiListCell.swift in Sources */ = {isa = PBXBuildFile; fileRef = FA6CF7572618CB3000FFBFF6 /* EmojiListCell.swift */; };
		FA6CF7722619619600FFBFF6 /* User.swift in Sources */ = {isa = PBXBuildFile; fileRef = FA6CF7712619619600FFBFF6 /* User.swift */; };
		FA6CF78926198FD100FFBFF6 /* Avatar.storyboard in Resources */ = {isa = PBXBuildFile; fileRef = FA6CF78826198FD100FFBFF6 /* Avatar.storyboard */; };
		FA6CF78E2619902200FFBFF6 /* AvatarViewController.swift in Sources */ = {isa = PBXBuildFile; fileRef = FA6CF78D2619902200FFBFF6 /* AvatarViewController.swift */; };
		FA6CF793261990FE00FFBFF6 /* AvatarCell.swift in Sources */ = {isa = PBXBuildFile; fileRef = FA6CF792261990FE00FFBFF6 /* AvatarCell.swift */; };
		FA6CF79E2619925300FFBFF6 /* AvatarViewModel.swift in Sources */ = {isa = PBXBuildFile; fileRef = FA6CF79D2619925300FFBFF6 /* AvatarViewModel.swift */; };
		FA6CF7AB2619949E00FFBFF6 /* AvatarCoordinator.swift in Sources */ = {isa = PBXBuildFile; fileRef = FA6CF7AA2619949E00FFBFF6 /* AvatarCoordinator.swift */; };
		FA8160E72614BC5000A85A6F /* AppDelegate.swift in Sources */ = {isa = PBXBuildFile; fileRef = FA8160E62614BC5000A85A6F /* AppDelegate.swift */; };
		FA8160EB2614BC5000A85A6F /* EmojiViewController.swift in Sources */ = {isa = PBXBuildFile; fileRef = FA8160EA2614BC5000A85A6F /* EmojiViewController.swift */; };
		FA8160EE2614BC5000A85A6F /* Emoji.storyboard in Resources */ = {isa = PBXBuildFile; fileRef = FA8160EC2614BC5000A85A6F /* Emoji.storyboard */; };
		FA8160F02614BC5300A85A6F /* Assets.xcassets in Resources */ = {isa = PBXBuildFile; fileRef = FA8160EF2614BC5300A85A6F /* Assets.xcassets */; };
		FA8160F32614BC5300A85A6F /* LaunchScreen.storyboard in Resources */ = {isa = PBXBuildFile; fileRef = FA8160F12614BC5300A85A6F /* LaunchScreen.storyboard */; };
		FA8160FE2614BC5300A85A6F /* emojisTests.swift in Sources */ = {isa = PBXBuildFile; fileRef = FA8160FD2614BC5300A85A6F /* emojisTests.swift */; };
		FA8161092614BC5300A85A6F /* emojisUITests.swift in Sources */ = {isa = PBXBuildFile; fileRef = FA8161082614BC5300A85A6F /* emojisUITests.swift */; };
		FA8161252614E47E00A85A6F /* Coordinator.swift in Sources */ = {isa = PBXBuildFile; fileRef = FA8161242614E47E00A85A6F /* Coordinator.swift */; };
		FA81612D2614E68000A85A6F /* AppCoordinator.swift in Sources */ = {isa = PBXBuildFile; fileRef = FA81612C2614E68000A85A6F /* AppCoordinator.swift */; };
		FA8161492614F66F00A85A6F /* GithubService.swift in Sources */ = {isa = PBXBuildFile; fileRef = FA8161482614F66F00A85A6F /* GithubService.swift */; };
		FA8161522614F9B100A85A6F /* EmojiCoordinator.swift in Sources */ = {isa = PBXBuildFile; fileRef = FA8161512614F9B100A85A6F /* EmojiCoordinator.swift */; };
		FA81615F2614FFB900A85A6F /* EmojiViewModel.swift in Sources */ = {isa = PBXBuildFile; fileRef = FA81615E2614FFB900A85A6F /* EmojiViewModel.swift */; };
		FA816164261509EB00A85A6F /* Storyboarded.swift in Sources */ = {isa = PBXBuildFile; fileRef = FA816163261509EB00A85A6F /* Storyboarded.swift */; };
		FA81616C2615123F00A85A6F /* GithubNetworkManager.swift in Sources */ = {isa = PBXBuildFile; fileRef = FA81616B2615123F00A85A6F /* GithubNetworkManager.swift */; };
		FAAADD7226161FF200AA840C /* GithubError.swift in Sources */ = {isa = PBXBuildFile; fileRef = FAAADD7126161FF200AA840C /* GithubError.swift */; };
/* End PBXBuildFile section */

/* Begin PBXContainerItemProxy section */
		FA8160FA2614BC5300A85A6F /* PBXContainerItemProxy */ = {
			isa = PBXContainerItemProxy;
			containerPortal = FA8160DB2614BC5000A85A6F /* Project object */;
			proxyType = 1;
			remoteGlobalIDString = FA8160E22614BC5000A85A6F;
			remoteInfo = emojis;
		};
		FA8161052614BC5300A85A6F /* PBXContainerItemProxy */ = {
			isa = PBXContainerItemProxy;
			containerPortal = FA8160DB2614BC5000A85A6F /* Project object */;
			proxyType = 1;
			remoteGlobalIDString = FA8160E22614BC5000A85A6F;
			remoteInfo = emojis;
		};
/* End PBXContainerItemProxy section */

/* Begin PBXFileReference section */
		0E70094AC9B3FC400E50DB26 /* Pods_emojisTests.framework */ = {isa = PBXFileReference; explicitFileType = wrapper.framework; includeInIndex = 0; path = Pods_emojisTests.framework; sourceTree = BUILT_PRODUCTS_DIR; };
		29EA6AC11868E5CD6E54EA35 /* Pods-emojis-emojisUITests.debug.xcconfig */ = {isa = PBXFileReference; includeInIndex = 1; lastKnownFileType = text.xcconfig; name = "Pods-emojis-emojisUITests.debug.xcconfig"; path = "Target Support Files/Pods-emojis-emojisUITests/Pods-emojis-emojisUITests.debug.xcconfig"; sourceTree = "<group>"; };
		823546A24CCBBA5DF648ED0D /* Pods_emojis.framework */ = {isa = PBXFileReference; explicitFileType = wrapper.framework; includeInIndex = 0; path = Pods_emojis.framework; sourceTree = BUILT_PRODUCTS_DIR; };
		8671914C8F21BFBFD88EE4E6 /* Pods_emojis_emojisUITests.framework */ = {isa = PBXFileReference; explicitFileType = wrapper.framework; includeInIndex = 0; path = Pods_emojis_emojisUITests.framework; sourceTree = BUILT_PRODUCTS_DIR; };
		B22B6F395786B8A6A90BB32C /* Pods-emojisTests.release.xcconfig */ = {isa = PBXFileReference; includeInIndex = 1; lastKnownFileType = text.xcconfig; name = "Pods-emojisTests.release.xcconfig"; path = "Target Support Files/Pods-emojisTests/Pods-emojisTests.release.xcconfig"; sourceTree = "<group>"; };
		CF8301E98E3C670489F33B4C /* Pods-emojisTests.debug.xcconfig */ = {isa = PBXFileReference; includeInIndex = 1; lastKnownFileType = text.xcconfig; name = "Pods-emojisTests.debug.xcconfig"; path = "Target Support Files/Pods-emojisTests/Pods-emojisTests.debug.xcconfig"; sourceTree = "<group>"; };
		DE65EB9CCF06AD2618F0C020 /* Pods-emojis.release.xcconfig */ = {isa = PBXFileReference; includeInIndex = 1; lastKnownFileType = text.xcconfig; name = "Pods-emojis.release.xcconfig"; path = "Target Support Files/Pods-emojis/Pods-emojis.release.xcconfig"; sourceTree = "<group>"; };
		E0AB9D43E518E0A6392D2F7C /* Pods-emojis.debug.xcconfig */ = {isa = PBXFileReference; includeInIndex = 1; lastKnownFileType = text.xcconfig; name = "Pods-emojis.debug.xcconfig"; path = "Target Support Files/Pods-emojis/Pods-emojis.debug.xcconfig"; sourceTree = "<group>"; };
		FA6CF69D26177E7E00FFBFF6 /* Emojis.xcdatamodel */ = {isa = PBXFileReference; lastKnownFileType = wrapper.xcdatamodel; path = Emojis.xcdatamodel; sourceTree = "<group>"; };
		FA6CF6E626178B6200FFBFF6 /* CoreData.swift */ = {isa = PBXFileReference; lastKnownFileType = sourcecode.swift; path = CoreData.swift; sourceTree = "<group>"; };
		FA6CF7202618B28F00FFBFF6 /* EmojiListCoordinator.swift */ = {isa = PBXFileReference; lastKnownFileType = sourcecode.swift; path = EmojiListCoordinator.swift; sourceTree = "<group>"; };
		FA6CF7252618B2F800FFBFF6 /* EmojiListViewController.swift */ = {isa = PBXFileReference; lastKnownFileType = sourcecode.swift; path = EmojiListViewController.swift; sourceTree = "<group>"; };
		FA6CF72F2618B45600FFBFF6 /* EmojiListViewModel.swift */ = {isa = PBXFileReference; lastKnownFileType = sourcecode.swift; path = EmojiListViewModel.swift; sourceTree = "<group>"; };
		FA6CF7412618BA9700FFBFF6 /* EmojiList.storyboard */ = {isa = PBXFileReference; lastKnownFileType = file.storyboard; path = EmojiList.storyboard; sourceTree = "<group>"; };
		FA6CF7572618CB3000FFBFF6 /* EmojiListCell.swift */ = {isa = PBXFileReference; lastKnownFileType = sourcecode.swift; path = EmojiListCell.swift; sourceTree = "<group>"; };
		FA6CF7712619619600FFBFF6 /* User.swift */ = {isa = PBXFileReference; lastKnownFileType = sourcecode.swift; path = User.swift; sourceTree = "<group>"; };
		FA6CF78826198FD100FFBFF6 /* Avatar.storyboard */ = {isa = PBXFileReference; lastKnownFileType = file.storyboard; path = Avatar.storyboard; sourceTree = "<group>"; };
		FA6CF78D2619902200FFBFF6 /* AvatarViewController.swift */ = {isa = PBXFileReference; lastKnownFileType = sourcecode.swift; path = AvatarViewController.swift; sourceTree = "<group>"; };
		FA6CF792261990FE00FFBFF6 /* AvatarCell.swift */ = {isa = PBXFileReference; lastKnownFileType = sourcecode.swift; path = AvatarCell.swift; sourceTree = "<group>"; };
		FA6CF79D2619925300FFBFF6 /* AvatarViewModel.swift */ = {isa = PBXFileReference; lastKnownFileType = sourcecode.swift; path = AvatarViewModel.swift; sourceTree = "<group>"; };
		FA6CF7AA2619949E00FFBFF6 /* AvatarCoordinator.swift */ = {isa = PBXFileReference; lastKnownFileType = sourcecode.swift; path = AvatarCoordinator.swift; sourceTree = "<group>"; };
		FA8160E32614BC5000A85A6F /* emojis.app */ = {isa = PBXFileReference; explicitFileType = wrapper.application; includeInIndex = 0; path = emojis.app; sourceTree = BUILT_PRODUCTS_DIR; };
		FA8160E62614BC5000A85A6F /* AppDelegate.swift */ = {isa = PBXFileReference; lastKnownFileType = sourcecode.swift; path = AppDelegate.swift; sourceTree = "<group>"; };
		FA8160EA2614BC5000A85A6F /* EmojiViewController.swift */ = {isa = PBXFileReference; lastKnownFileType = sourcecode.swift; path = EmojiViewController.swift; sourceTree = "<group>"; };
		FA8160ED2614BC5000A85A6F /* Base */ = {isa = PBXFileReference; lastKnownFileType = file.storyboard; name = Base; path = Base.lproj/Emoji.storyboard; sourceTree = "<group>"; };
		FA8160EF2614BC5300A85A6F /* Assets.xcassets */ = {isa = PBXFileReference; lastKnownFileType = folder.assetcatalog; path = Assets.xcassets; sourceTree = "<group>"; };
		FA8160F22614BC5300A85A6F /* Base */ = {isa = PBXFileReference; lastKnownFileType = file.storyboard; name = Base; path = Base.lproj/LaunchScreen.storyboard; sourceTree = "<group>"; };
		FA8160F42614BC5300A85A6F /* Info.plist */ = {isa = PBXFileReference; lastKnownFileType = text.plist.xml; path = Info.plist; sourceTree = "<group>"; };
		FA8160F92614BC5300A85A6F /* emojisTests.xctest */ = {isa = PBXFileReference; explicitFileType = wrapper.cfbundle; includeInIndex = 0; path = emojisTests.xctest; sourceTree = BUILT_PRODUCTS_DIR; };
		FA8160FD2614BC5300A85A6F /* emojisTests.swift */ = {isa = PBXFileReference; lastKnownFileType = sourcecode.swift; path = emojisTests.swift; sourceTree = "<group>"; };
		FA8160FF2614BC5300A85A6F /* Info.plist */ = {isa = PBXFileReference; lastKnownFileType = text.plist.xml; path = Info.plist; sourceTree = "<group>"; };
		FA8161042614BC5300A85A6F /* emojisUITests.xctest */ = {isa = PBXFileReference; explicitFileType = wrapper.cfbundle; includeInIndex = 0; path = emojisUITests.xctest; sourceTree = BUILT_PRODUCTS_DIR; };
		FA8161082614BC5300A85A6F /* emojisUITests.swift */ = {isa = PBXFileReference; lastKnownFileType = sourcecode.swift; path = emojisUITests.swift; sourceTree = "<group>"; };
		FA81610A2614BC5300A85A6F /* Info.plist */ = {isa = PBXFileReference; lastKnownFileType = text.plist.xml; path = Info.plist; sourceTree = "<group>"; };
		FA8161242614E47E00A85A6F /* Coordinator.swift */ = {isa = PBXFileReference; lastKnownFileType = sourcecode.swift; path = Coordinator.swift; sourceTree = "<group>"; };
		FA81612C2614E68000A85A6F /* AppCoordinator.swift */ = {isa = PBXFileReference; lastKnownFileType = sourcecode.swift; path = AppCoordinator.swift; sourceTree = "<group>"; };
		FA8161482614F66F00A85A6F /* GithubService.swift */ = {isa = PBXFileReference; lastKnownFileType = sourcecode.swift; path = GithubService.swift; sourceTree = "<group>"; };
		FA8161512614F9B100A85A6F /* EmojiCoordinator.swift */ = {isa = PBXFileReference; lastKnownFileType = sourcecode.swift; path = EmojiCoordinator.swift; sourceTree = "<group>"; };
		FA81615E2614FFB900A85A6F /* EmojiViewModel.swift */ = {isa = PBXFileReference; lastKnownFileType = sourcecode.swift; path = EmojiViewModel.swift; sourceTree = "<group>"; };
		FA816163261509EB00A85A6F /* Storyboarded.swift */ = {isa = PBXFileReference; lastKnownFileType = sourcecode.swift; path = Storyboarded.swift; sourceTree = "<group>"; };
		FA81616B2615123F00A85A6F /* GithubNetworkManager.swift */ = {isa = PBXFileReference; lastKnownFileType = sourcecode.swift; path = GithubNetworkManager.swift; sourceTree = "<group>"; };
		FAAADD7126161FF200AA840C /* GithubError.swift */ = {isa = PBXFileReference; lastKnownFileType = sourcecode.swift; path = GithubError.swift; sourceTree = "<group>"; };
		FF73000A0EFBC607F8DE93D9 /* Pods-emojis-emojisUITests.release.xcconfig */ = {isa = PBXFileReference; includeInIndex = 1; lastKnownFileType = text.xcconfig; name = "Pods-emojis-emojisUITests.release.xcconfig"; path = "Target Support Files/Pods-emojis-emojisUITests/Pods-emojis-emojisUITests.release.xcconfig"; sourceTree = "<group>"; };
/* End PBXFileReference section */

/* Begin PBXFrameworksBuildPhase section */
		FA8160E02614BC5000A85A6F /* Frameworks */ = {
			isa = PBXFrameworksBuildPhase;
			buildActionMask = 2147483647;
			files = (
				AFEDC64C684FB7DC699FE161 /* Pods_emojis.framework in Frameworks */,
			);
			runOnlyForDeploymentPostprocessing = 0;
		};
		FA8160F62614BC5300A85A6F /* Frameworks */ = {
			isa = PBXFrameworksBuildPhase;
			buildActionMask = 2147483647;
			files = (
				360E0EF426BD7CB438218D04 /* Pods_emojisTests.framework in Frameworks */,
			);
			runOnlyForDeploymentPostprocessing = 0;
		};
		FA8161012614BC5300A85A6F /* Frameworks */ = {
			isa = PBXFrameworksBuildPhase;
			buildActionMask = 2147483647;
			files = (
				BD592D1A4746C6FB2B63637F /* Pods_emojis_emojisUITests.framework in Frameworks */,
			);
			runOnlyForDeploymentPostprocessing = 0;
		};
/* End PBXFrameworksBuildPhase section */

/* Begin PBXGroup section */
		739747AE1B4064F78DD40C5D /* Pods */ = {
			isa = PBXGroup;
			children = (
				E0AB9D43E518E0A6392D2F7C /* Pods-emojis.debug.xcconfig */,
				DE65EB9CCF06AD2618F0C020 /* Pods-emojis.release.xcconfig */,
				29EA6AC11868E5CD6E54EA35 /* Pods-emojis-emojisUITests.debug.xcconfig */,
				FF73000A0EFBC607F8DE93D9 /* Pods-emojis-emojisUITests.release.xcconfig */,
				CF8301E98E3C670489F33B4C /* Pods-emojisTests.debug.xcconfig */,
				B22B6F395786B8A6A90BB32C /* Pods-emojisTests.release.xcconfig */,
			);
			path = Pods;
			sourceTree = "<group>";
		};
		ED69750EFDD98BEEFE14BA2C /* Frameworks */ = {
			isa = PBXGroup;
			children = (
				823546A24CCBBA5DF648ED0D /* Pods_emojis.framework */,
				8671914C8F21BFBFD88EE4E6 /* Pods_emojis_emojisUITests.framework */,
				0E70094AC9B3FC400E50DB26 /* Pods_emojisTests.framework */,
			);
			name = Frameworks;
			sourceTree = "<group>";
		};
		FA6CF6E426178A9600FFBFF6 /* Data */ = {
			isa = PBXGroup;
			children = (
				FA6CF7002618373D00FFBFF6 /* Error */,
				FA6CF6E526178ABC00FFBFF6 /* Persistance */,
				FA81613D2614F55300A85A6F /* Model */,
				FA81613E2614F59B00A85A6F /* Network */,
			);
			path = Data;
			sourceTree = "<group>";
		};
		FA6CF6E526178ABC00FFBFF6 /* Persistance */ = {
			isa = PBXGroup;
			children = (
				FA6CF6E626178B6200FFBFF6 /* CoreData.swift */,
			);
			path = Persistance;
			sourceTree = "<group>";
		};
		FA6CF7002618373D00FFBFF6 /* Error */ = {
			isa = PBXGroup;
			children = (
				FAAADD7126161FF200AA840C /* GithubError.swift */,
			);
			path = Error;
			sourceTree = "<group>";
		};
		FA6CF7182618B1E200FFBFF6 /* EmojiList */ = {
			isa = PBXGroup;
			children = (
				FA6CF71A2618B20000FFBFF6 /* Controller */,
				FA6CF71C2618B20C00FFBFF6 /* Coordinator */,
				FA6CF7192618B1F000FFBFF6 /* View */,
				FA6CF71B2618B20600FFBFF6 /* ViewModel */,
			);
			path = EmojiList;
			sourceTree = "<group>";
		};
		FA6CF7192618B1F000FFBFF6 /* View */ = {
			isa = PBXGroup;
			children = (
				FA6CF7412618BA9700FFBFF6 /* EmojiList.storyboard */,
			);
			path = View;
			sourceTree = "<group>";
		};
		FA6CF71A2618B20000FFBFF6 /* Controller */ = {
			isa = PBXGroup;
			children = (
				FA6CF7252618B2F800FFBFF6 /* EmojiListViewController.swift */,
				FA6CF7572618CB3000FFBFF6 /* EmojiListCell.swift */,
			);
			path = Controller;
			sourceTree = "<group>";
		};
		FA6CF71B2618B20600FFBFF6 /* ViewModel */ = {
			isa = PBXGroup;
			children = (
				FA6CF72F2618B45600FFBFF6 /* EmojiListViewModel.swift */,
			);
			path = ViewModel;
			sourceTree = "<group>";
		};
		FA6CF71C2618B20C00FFBFF6 /* Coordinator */ = {
			isa = PBXGroup;
			children = (
				FA6CF7202618B28F00FFBFF6 /* EmojiListCoordinator.swift */,
			);
			path = Coordinator;
			sourceTree = "<group>";
		};
		FA6CF78326198F8200FFBFF6 /* Avatar */ = {
			isa = PBXGroup;
			children = (
				FA6CF78426198F9600FFBFF6 /* Controller */,
				FA6CF78526198FA200FFBFF6 /* Coordinator */,
				FA6CF78626198FA900FFBFF6 /* View */,
				FA6CF78726198FAE00FFBFF6 /* ViewModel */,
			);
			path = Avatar;
			sourceTree = "<group>";
		};
		FA6CF78426198F9600FFBFF6 /* Controller */ = {
			isa = PBXGroup;
			children = (
				FA6CF78D2619902200FFBFF6 /* AvatarViewController.swift */,
				FA6CF792261990FE00FFBFF6 /* AvatarCell.swift */,
			);
			path = Controller;
			sourceTree = "<group>";
		};
		FA6CF78526198FA200FFBFF6 /* Coordinator */ = {
			isa = PBXGroup;
			children = (
				FA6CF7AA2619949E00FFBFF6 /* AvatarCoordinator.swift */,
			);
			path = Coordinator;
			sourceTree = "<group>";
		};
		FA6CF78626198FA900FFBFF6 /* View */ = {
			isa = PBXGroup;
			children = (
				FA6CF78826198FD100FFBFF6 /* Avatar.storyboard */,
			);
			path = View;
			sourceTree = "<group>";
		};
		FA6CF78726198FAE00FFBFF6 /* ViewModel */ = {
			isa = PBXGroup;
			children = (
				FA6CF79D2619925300FFBFF6 /* AvatarViewModel.swift */,
			);
			path = ViewModel;
			sourceTree = "<group>";
		};
		FA8160DA2614BC5000A85A6F = {
			isa = PBXGroup;
			children = (
				FA8160E52614BC5000A85A6F /* emojis */,
				FA8160FC2614BC5300A85A6F /* emojisTests */,
				FA8161072614BC5300A85A6F /* emojisUITests */,
				FA8160E42614BC5000A85A6F /* Products */,
				739747AE1B4064F78DD40C5D /* Pods */,
				ED69750EFDD98BEEFE14BA2C /* Frameworks */,
			);
			sourceTree = "<group>";
		};
		FA8160E42614BC5000A85A6F /* Products */ = {
			isa = PBXGroup;
			children = (
				FA8160E32614BC5000A85A6F /* emojis.app */,
				FA8160F92614BC5300A85A6F /* emojisTests.xctest */,
				FA8161042614BC5300A85A6F /* emojisUITests.xctest */,
			);
			name = Products;
			sourceTree = "<group>";
		};
		FA8160E52614BC5000A85A6F /* emojis */ = {
			isa = PBXGroup;
			children = (
				FA6CF6E426178A9600FFBFF6 /* Data */,
				FA8161232614E44500A85A6F /* Common */,
				FA6CF78326198F8200FFBFF6 /* Avatar */,
				FA81613A2614F51700A85A6F /* Emoji */,
				FA6CF7182618B1E200FFBFF6 /* EmojiList */,
				FA8161212614E3F500A85A6F /* Base */,
				FA8160E62614BC5000A85A6F /* AppDelegate.swift */,
				FA6CF69C26177E7E00FFBFF6 /* Emojis.xcdatamodeld */,
				FA8160EF2614BC5300A85A6F /* Assets.xcassets */,
			);
			path = emojis;
			sourceTree = "<group>";
		};
		FA8160FC2614BC5300A85A6F /* emojisTests */ = {
			isa = PBXGroup;
			children = (
				FA8160FD2614BC5300A85A6F /* emojisTests.swift */,
				FA8160FF2614BC5300A85A6F /* Info.plist */,
			);
			path = emojisTests;
			sourceTree = "<group>";
		};
		FA8161072614BC5300A85A6F /* emojisUITests */ = {
			isa = PBXGroup;
			children = (
				FA8161082614BC5300A85A6F /* emojisUITests.swift */,
				FA81610A2614BC5300A85A6F /* Info.plist */,
			);
			path = emojisUITests;
			sourceTree = "<group>";
		};
		FA8161212614E3F500A85A6F /* Base */ = {
			isa = PBXGroup;
			children = (
				FA8161502614F92A00A85A6F /* View */,
				FA8161222614E40200A85A6F /* Coordinator */,
			);
			path = Base;
			sourceTree = "<group>";
		};
		FA8161222614E40200A85A6F /* Coordinator */ = {
			isa = PBXGroup;
			children = (
				FA81612C2614E68000A85A6F /* AppCoordinator.swift */,
			);
			path = Coordinator;
			sourceTree = "<group>";
		};
		FA8161232614E44500A85A6F /* Common */ = {
			isa = PBXGroup;
			children = (
				FA8160F42614BC5300A85A6F /* Info.plist */,
				FA8161242614E47E00A85A6F /* Coordinator.swift */,
				FA816163261509EB00A85A6F /* Storyboarded.swift */,
			);
			path = Common;
			sourceTree = "<group>";
		};
		FA81613A2614F51700A85A6F /* Emoji */ = {
			isa = PBXGroup;
			children = (
				FA81613B2614F52F00A85A6F /* Controller */,
				FA8161592614F9B600A85A6F /* Coordinator */,
				FA81615D2614FF9500A85A6F /* View */,
				FA81613C2614F54B00A85A6F /* ViewModel */,
			);
			path = Emoji;
			sourceTree = "<group>";
		};
		FA81613B2614F52F00A85A6F /* Controller */ = {
			isa = PBXGroup;
			children = (
				FA8160EA2614BC5000A85A6F /* EmojiViewController.swift */,
			);
			path = Controller;
			sourceTree = "<group>";
		};
		FA81613C2614F54B00A85A6F /* ViewModel */ = {
			isa = PBXGroup;
			children = (
				FA81615E2614FFB900A85A6F /* EmojiViewModel.swift */,
			);
			path = ViewModel;
			sourceTree = "<group>";
		};
		FA81613D2614F55300A85A6F /* Model */ = {
			isa = PBXGroup;
			children = (
				FA6CF7712619619600FFBFF6 /* User.swift */,
			);
			path = Model;
			sourceTree = "<group>";
		};
		FA81613E2614F59B00A85A6F /* Network */ = {
			isa = PBXGroup;
			children = (
				FA8161482614F66F00A85A6F /* GithubService.swift */,
				FA81616B2615123F00A85A6F /* GithubNetworkManager.swift */,
			);
			path = Network;
			sourceTree = "<group>";
		};
		FA8161502614F92A00A85A6F /* View */ = {
			isa = PBXGroup;
			children = (
				FA8160F12614BC5300A85A6F /* LaunchScreen.storyboard */,
			);
			path = View;
			sourceTree = "<group>";
		};
		FA8161592614F9B600A85A6F /* Coordinator */ = {
			isa = PBXGroup;
			children = (
				FA8161512614F9B100A85A6F /* EmojiCoordinator.swift */,
			);
			path = Coordinator;
			sourceTree = "<group>";
		};
		FA81615D2614FF9500A85A6F /* View */ = {
			isa = PBXGroup;
			children = (
				FA8160EC2614BC5000A85A6F /* Emoji.storyboard */,
			);
			path = View;
			sourceTree = "<group>";
		};
/* End PBXGroup section */

/* Begin PBXNativeTarget section */
		FA8160E22614BC5000A85A6F /* emojis */ = {
			isa = PBXNativeTarget;
			buildConfigurationList = FA81610D2614BC5300A85A6F /* Build configuration list for PBXNativeTarget "emojis" */;
			buildPhases = (
				757635F398C5961197B43A7A /* [CP] Check Pods Manifest.lock */,
				FA8160DF2614BC5000A85A6F /* Sources */,
				FA8160E02614BC5000A85A6F /* Frameworks */,
				FA8160E12614BC5000A85A6F /* Resources */,
				3D6847ED66B178A2C3D061FE /* [CP] Embed Pods Frameworks */,
			);
			buildRules = (
			);
			dependencies = (
			);
			name = emojis;
			productName = emojis;
			productReference = FA8160E32614BC5000A85A6F /* emojis.app */;
			productType = "com.apple.product-type.application";
		};
		FA8160F82614BC5300A85A6F /* emojisTests */ = {
			isa = PBXNativeTarget;
			buildConfigurationList = FA8161102614BC5300A85A6F /* Build configuration list for PBXNativeTarget "emojisTests" */;
			buildPhases = (
				7F9D4AFDE1987122922F8C03 /* [CP] Check Pods Manifest.lock */,
				FA8160F52614BC5300A85A6F /* Sources */,
				FA8160F62614BC5300A85A6F /* Frameworks */,
				FA8160F72614BC5300A85A6F /* Resources */,
			);
			buildRules = (
			);
			dependencies = (
				FA8160FB2614BC5300A85A6F /* PBXTargetDependency */,
			);
			name = emojisTests;
			productName = emojisTests;
			productReference = FA8160F92614BC5300A85A6F /* emojisTests.xctest */;
			productType = "com.apple.product-type.bundle.unit-test";
		};
		FA8161032614BC5300A85A6F /* emojisUITests */ = {
			isa = PBXNativeTarget;
			buildConfigurationList = FA8161132614BC5300A85A6F /* Build configuration list for PBXNativeTarget "emojisUITests" */;
			buildPhases = (
				931E6655892AA41B64C7927B /* [CP] Check Pods Manifest.lock */,
				FA8161002614BC5300A85A6F /* Sources */,
				FA8161012614BC5300A85A6F /* Frameworks */,
				FA8161022614BC5300A85A6F /* Resources */,
				5418A2EC1AB819EA506F541D /* [CP] Embed Pods Frameworks */,
			);
			buildRules = (
			);
			dependencies = (
				FA8161062614BC5300A85A6F /* PBXTargetDependency */,
			);
			name = emojisUITests;
			productName = emojisUITests;
			productReference = FA8161042614BC5300A85A6F /* emojisUITests.xctest */;
			productType = "com.apple.product-type.bundle.ui-testing";
		};
/* End PBXNativeTarget section */

/* Begin PBXProject section */
		FA8160DB2614BC5000A85A6F /* Project object */ = {
			isa = PBXProject;
			attributes = {
				LastSwiftUpdateCheck = 1240;
				LastUpgradeCheck = 1240;
				TargetAttributes = {
					FA8160E22614BC5000A85A6F = {
						CreatedOnToolsVersion = 12.4;
					};
					FA8160F82614BC5300A85A6F = {
						CreatedOnToolsVersion = 12.4;
						TestTargetID = FA8160E22614BC5000A85A6F;
					};
					FA8161032614BC5300A85A6F = {
						CreatedOnToolsVersion = 12.4;
						TestTargetID = FA8160E22614BC5000A85A6F;
					};
				};
			};
			buildConfigurationList = FA8160DE2614BC5000A85A6F /* Build configuration list for PBXProject "emojis" */;
			compatibilityVersion = "Xcode 9.3";
			developmentRegion = en;
			hasScannedForEncodings = 0;
			knownRegions = (
				en,
				Base,
			);
			mainGroup = FA8160DA2614BC5000A85A6F;
			productRefGroup = FA8160E42614BC5000A85A6F /* Products */;
			projectDirPath = "";
			projectRoot = "";
			targets = (
				FA8160E22614BC5000A85A6F /* emojis */,
				FA8160F82614BC5300A85A6F /* emojisTests */,
				FA8161032614BC5300A85A6F /* emojisUITests */,
			);
		};
/* End PBXProject section */

/* Begin PBXResourcesBuildPhase section */
		FA8160E12614BC5000A85A6F /* Resources */ = {
			isa = PBXResourcesBuildPhase;
			buildActionMask = 2147483647;
			files = (
				FA8160F32614BC5300A85A6F /* LaunchScreen.storyboard in Resources */,
				FA8160F02614BC5300A85A6F /* Assets.xcassets in Resources */,
				FA8160EE2614BC5000A85A6F /* Emoji.storyboard in Resources */,
				FA6CF7422618BA9700FFBFF6 /* EmojiList.storyboard in Resources */,
				FA6CF78926198FD100FFBFF6 /* Avatar.storyboard in Resources */,
			);
			runOnlyForDeploymentPostprocessing = 0;
		};
		FA8160F72614BC5300A85A6F /* Resources */ = {
			isa = PBXResourcesBuildPhase;
			buildActionMask = 2147483647;
			files = (
			);
			runOnlyForDeploymentPostprocessing = 0;
		};
		FA8161022614BC5300A85A6F /* Resources */ = {
			isa = PBXResourcesBuildPhase;
			buildActionMask = 2147483647;
			files = (
			);
			runOnlyForDeploymentPostprocessing = 0;
		};
/* End PBXResourcesBuildPhase section */

/* Begin PBXShellScriptBuildPhase section */
		3D6847ED66B178A2C3D061FE /* [CP] Embed Pods Frameworks */ = {
			isa = PBXShellScriptBuildPhase;
			buildActionMask = 2147483647;
			files = (
			);
			inputFileListPaths = (
				"${PODS_ROOT}/Target Support Files/Pods-emojis/Pods-emojis-frameworks-${CONFIGURATION}-input-files.xcfilelist",
			);
			name = "[CP] Embed Pods Frameworks";
			outputFileListPaths = (
				"${PODS_ROOT}/Target Support Files/Pods-emojis/Pods-emojis-frameworks-${CONFIGURATION}-output-files.xcfilelist",
			);
			runOnlyForDeploymentPostprocessing = 0;
			shellPath = /bin/sh;
			shellScript = "\"${PODS_ROOT}/Target Support Files/Pods-emojis/Pods-emojis-frameworks.sh\"\n";
			showEnvVarsInLog = 0;
		};
		5418A2EC1AB819EA506F541D /* [CP] Embed Pods Frameworks */ = {
			isa = PBXShellScriptBuildPhase;
			buildActionMask = 2147483647;
			files = (
			);
			inputFileListPaths = (
				"${PODS_ROOT}/Target Support Files/Pods-emojis-emojisUITests/Pods-emojis-emojisUITests-frameworks-${CONFIGURATION}-input-files.xcfilelist",
			);
			name = "[CP] Embed Pods Frameworks";
			outputFileListPaths = (
				"${PODS_ROOT}/Target Support Files/Pods-emojis-emojisUITests/Pods-emojis-emojisUITests-frameworks-${CONFIGURATION}-output-files.xcfilelist",
			);
			runOnlyForDeploymentPostprocessing = 0;
			shellPath = /bin/sh;
			shellScript = "\"${PODS_ROOT}/Target Support Files/Pods-emojis-emojisUITests/Pods-emojis-emojisUITests-frameworks.sh\"\n";
			showEnvVarsInLog = 0;
		};
		757635F398C5961197B43A7A /* [CP] Check Pods Manifest.lock */ = {
			isa = PBXShellScriptBuildPhase;
			buildActionMask = 2147483647;
			files = (
			);
			inputFileListPaths = (
			);
			inputPaths = (
				"${PODS_PODFILE_DIR_PATH}/Podfile.lock",
				"${PODS_ROOT}/Manifest.lock",
			);
			name = "[CP] Check Pods Manifest.lock";
			outputFileListPaths = (
			);
			outputPaths = (
				"$(DERIVED_FILE_DIR)/Pods-emojis-checkManifestLockResult.txt",
			);
			runOnlyForDeploymentPostprocessing = 0;
			shellPath = /bin/sh;
			shellScript = "diff \"${PODS_PODFILE_DIR_PATH}/Podfile.lock\" \"${PODS_ROOT}/Manifest.lock\" > /dev/null\nif [ $? != 0 ] ; then\n    # print error to STDERR\n    echo \"error: The sandbox is not in sync with the Podfile.lock. Run 'pod install' or update your CocoaPods installation.\" >&2\n    exit 1\nfi\n# This output is used by Xcode 'outputs' to avoid re-running this script phase.\necho \"SUCCESS\" > \"${SCRIPT_OUTPUT_FILE_0}\"\n";
			showEnvVarsInLog = 0;
		};
		7F9D4AFDE1987122922F8C03 /* [CP] Check Pods Manifest.lock */ = {
			isa = PBXShellScriptBuildPhase;
			buildActionMask = 2147483647;
			files = (
			);
			inputFileListPaths = (
			);
			inputPaths = (
				"${PODS_PODFILE_DIR_PATH}/Podfile.lock",
				"${PODS_ROOT}/Manifest.lock",
			);
			name = "[CP] Check Pods Manifest.lock";
			outputFileListPaths = (
			);
			outputPaths = (
				"$(DERIVED_FILE_DIR)/Pods-emojisTests-checkManifestLockResult.txt",
			);
			runOnlyForDeploymentPostprocessing = 0;
			shellPath = /bin/sh;
			shellScript = "diff \"${PODS_PODFILE_DIR_PATH}/Podfile.lock\" \"${PODS_ROOT}/Manifest.lock\" > /dev/null\nif [ $? != 0 ] ; then\n    # print error to STDERR\n    echo \"error: The sandbox is not in sync with the Podfile.lock. Run 'pod install' or update your CocoaPods installation.\" >&2\n    exit 1\nfi\n# This output is used by Xcode 'outputs' to avoid re-running this script phase.\necho \"SUCCESS\" > \"${SCRIPT_OUTPUT_FILE_0}\"\n";
			showEnvVarsInLog = 0;
		};
		931E6655892AA41B64C7927B /* [CP] Check Pods Manifest.lock */ = {
			isa = PBXShellScriptBuildPhase;
			buildActionMask = 2147483647;
			files = (
			);
			inputFileListPaths = (
			);
			inputPaths = (
				"${PODS_PODFILE_DIR_PATH}/Podfile.lock",
				"${PODS_ROOT}/Manifest.lock",
			);
			name = "[CP] Check Pods Manifest.lock";
			outputFileListPaths = (
			);
			outputPaths = (
				"$(DERIVED_FILE_DIR)/Pods-emojis-emojisUITests-checkManifestLockResult.txt",
			);
			runOnlyForDeploymentPostprocessing = 0;
			shellPath = /bin/sh;
			shellScript = "diff \"${PODS_PODFILE_DIR_PATH}/Podfile.lock\" \"${PODS_ROOT}/Manifest.lock\" > /dev/null\nif [ $? != 0 ] ; then\n    # print error to STDERR\n    echo \"error: The sandbox is not in sync with the Podfile.lock. Run 'pod install' or update your CocoaPods installation.\" >&2\n    exit 1\nfi\n# This output is used by Xcode 'outputs' to avoid re-running this script phase.\necho \"SUCCESS\" > \"${SCRIPT_OUTPUT_FILE_0}\"\n";
			showEnvVarsInLog = 0;
		};
/* End PBXShellScriptBuildPhase section */

/* Begin PBXSourcesBuildPhase section */
		FA8160DF2614BC5000A85A6F /* Sources */ = {
			isa = PBXSourcesBuildPhase;
			buildActionMask = 2147483647;
			files = (
				FA8161252614E47E00A85A6F /* Coordinator.swift in Sources */,
				FA6CF7302618B45600FFBFF6 /* EmojiListViewModel.swift in Sources */,
				FA6CF7AB2619949E00FFBFF6 /* AvatarCoordinator.swift in Sources */,
				FA6CF6E726178B6200FFBFF6 /* CoreData.swift in Sources */,
				FA6CF69E26177E7E00FFBFF6 /* Emojis.xcdatamodeld in Sources */,
				FA81615F2614FFB900A85A6F /* EmojiViewModel.swift in Sources */,
				FA6CF78E2619902200FFBFF6 /* AvatarViewController.swift in Sources */,
				FA8161492614F66F00A85A6F /* GithubService.swift in Sources */,
				FA6CF79E2619925300FFBFF6 /* AvatarViewModel.swift in Sources */,
				FA8160EB2614BC5000A85A6F /* EmojiViewController.swift in Sources */,
				FA6CF7722619619600FFBFF6 /* User.swift in Sources */,
				FA81616C2615123F00A85A6F /* GithubNetworkManager.swift in Sources */,
				FA6CF7262618B2F800FFBFF6 /* EmojiListViewController.swift in Sources */,
				FA81612D2614E68000A85A6F /* AppCoordinator.swift in Sources */,
				FA8160E72614BC5000A85A6F /* AppDelegate.swift in Sources */,
				FA6CF7212618B28F00FFBFF6 /* EmojiListCoordinator.swift in Sources */,
				FA8161522614F9B100A85A6F /* EmojiCoordinator.swift in Sources */,
				FA816164261509EB00A85A6F /* Storyboarded.swift in Sources */,
				FA6CF793261990FE00FFBFF6 /* AvatarCell.swift in Sources */,
				FA6CF7582618CB3000FFBFF6 /* EmojiListCell.swift in Sources */,
				FAAADD7226161FF200AA840C /* GithubError.swift in Sources */,
			);
			runOnlyForDeploymentPostprocessing = 0;
		};
		FA8160F52614BC5300A85A6F /* Sources */ = {
			isa = PBXSourcesBuildPhase;
			buildActionMask = 2147483647;
			files = (
				FA8160FE2614BC5300A85A6F /* emojisTests.swift in Sources */,
			);
			runOnlyForDeploymentPostprocessing = 0;
		};
		FA8161002614BC5300A85A6F /* Sources */ = {
			isa = PBXSourcesBuildPhase;
			buildActionMask = 2147483647;
			files = (
				FA8161092614BC5300A85A6F /* emojisUITests.swift in Sources */,
			);
			runOnlyForDeploymentPostprocessing = 0;
		};
/* End PBXSourcesBuildPhase section */

/* Begin PBXTargetDependency section */
		FA8160FB2614BC5300A85A6F /* PBXTargetDependency */ = {
			isa = PBXTargetDependency;
			target = FA8160E22614BC5000A85A6F /* emojis */;
			targetProxy = FA8160FA2614BC5300A85A6F /* PBXContainerItemProxy */;
		};
		FA8161062614BC5300A85A6F /* PBXTargetDependency */ = {
			isa = PBXTargetDependency;
			target = FA8160E22614BC5000A85A6F /* emojis */;
			targetProxy = FA8161052614BC5300A85A6F /* PBXContainerItemProxy */;
		};
/* End PBXTargetDependency section */

/* Begin PBXVariantGroup section */
		FA8160EC2614BC5000A85A6F /* Emoji.storyboard */ = {
			isa = PBXVariantGroup;
			children = (
				FA8160ED2614BC5000A85A6F /* Base */,
			);
			name = Emoji.storyboard;
			sourceTree = "<group>";
		};
		FA8160F12614BC5300A85A6F /* LaunchScreen.storyboard */ = {
			isa = PBXVariantGroup;
			children = (
				FA8160F22614BC5300A85A6F /* Base */,
			);
			name = LaunchScreen.storyboard;
			sourceTree = "<group>";
		};
/* End PBXVariantGroup section */

/* Begin XCBuildConfiguration section */
		FA81610B2614BC5300A85A6F /* Debug */ = {
			isa = XCBuildConfiguration;
			buildSettings = {
				ALWAYS_SEARCH_USER_PATHS = NO;
				CLANG_ANALYZER_NONNULL = YES;
				CLANG_ANALYZER_NUMBER_OBJECT_CONVERSION = YES_AGGRESSIVE;
				CLANG_CXX_LANGUAGE_STANDARD = "gnu++14";
				CLANG_CXX_LIBRARY = "libc++";
				CLANG_ENABLE_MODULES = YES;
				CLANG_ENABLE_OBJC_ARC = YES;
				CLANG_ENABLE_OBJC_WEAK = YES;
				CLANG_WARN_BLOCK_CAPTURE_AUTORELEASING = YES;
				CLANG_WARN_BOOL_CONVERSION = YES;
				CLANG_WARN_COMMA = YES;
				CLANG_WARN_CONSTANT_CONVERSION = YES;
				CLANG_WARN_DEPRECATED_OBJC_IMPLEMENTATIONS = YES;
				CLANG_WARN_DIRECT_OBJC_ISA_USAGE = YES_ERROR;
				CLANG_WARN_DOCUMENTATION_COMMENTS = YES;
				CLANG_WARN_EMPTY_BODY = YES;
				CLANG_WARN_ENUM_CONVERSION = YES;
				CLANG_WARN_INFINITE_RECURSION = YES;
				CLANG_WARN_INT_CONVERSION = YES;
				CLANG_WARN_NON_LITERAL_NULL_CONVERSION = YES;
				CLANG_WARN_OBJC_IMPLICIT_RETAIN_SELF = YES;
				CLANG_WARN_OBJC_LITERAL_CONVERSION = YES;
				CLANG_WARN_OBJC_ROOT_CLASS = YES_ERROR;
				CLANG_WARN_QUOTED_INCLUDE_IN_FRAMEWORK_HEADER = YES;
				CLANG_WARN_RANGE_LOOP_ANALYSIS = YES;
				CLANG_WARN_STRICT_PROTOTYPES = YES;
				CLANG_WARN_SUSPICIOUS_MOVE = YES;
				CLANG_WARN_UNGUARDED_AVAILABILITY = YES_AGGRESSIVE;
				CLANG_WARN_UNREACHABLE_CODE = YES;
				CLANG_WARN__DUPLICATE_METHOD_MATCH = YES;
				COPY_PHASE_STRIP = NO;
				DEBUG_INFORMATION_FORMAT = dwarf;
				ENABLE_STRICT_OBJC_MSGSEND = YES;
				ENABLE_TESTABILITY = YES;
				GCC_C_LANGUAGE_STANDARD = gnu11;
				GCC_DYNAMIC_NO_PIC = NO;
				GCC_NO_COMMON_BLOCKS = YES;
				GCC_OPTIMIZATION_LEVEL = 0;
				GCC_PREPROCESSOR_DEFINITIONS = (
					"DEBUG=1",
					"$(inherited)",
				);
				GCC_WARN_64_TO_32_BIT_CONVERSION = YES;
				GCC_WARN_ABOUT_RETURN_TYPE = YES_ERROR;
				GCC_WARN_UNDECLARED_SELECTOR = YES;
				GCC_WARN_UNINITIALIZED_AUTOS = YES_AGGRESSIVE;
				GCC_WARN_UNUSED_FUNCTION = YES;
				GCC_WARN_UNUSED_VARIABLE = YES;
				IPHONEOS_DEPLOYMENT_TARGET = 13.0;
				MTL_ENABLE_DEBUG_INFO = INCLUDE_SOURCE;
				MTL_FAST_MATH = YES;
				ONLY_ACTIVE_ARCH = YES;
				SDKROOT = iphoneos;
				SWIFT_ACTIVE_COMPILATION_CONDITIONS = DEBUG;
				SWIFT_OPTIMIZATION_LEVEL = "-Onone";
			};
			name = Debug;
		};
		FA81610C2614BC5300A85A6F /* Release */ = {
			isa = XCBuildConfiguration;
			buildSettings = {
				ALWAYS_SEARCH_USER_PATHS = NO;
				CLANG_ANALYZER_NONNULL = YES;
				CLANG_ANALYZER_NUMBER_OBJECT_CONVERSION = YES_AGGRESSIVE;
				CLANG_CXX_LANGUAGE_STANDARD = "gnu++14";
				CLANG_CXX_LIBRARY = "libc++";
				CLANG_ENABLE_MODULES = YES;
				CLANG_ENABLE_OBJC_ARC = YES;
				CLANG_ENABLE_OBJC_WEAK = YES;
				CLANG_WARN_BLOCK_CAPTURE_AUTORELEASING = YES;
				CLANG_WARN_BOOL_CONVERSION = YES;
				CLANG_WARN_COMMA = YES;
				CLANG_WARN_CONSTANT_CONVERSION = YES;
				CLANG_WARN_DEPRECATED_OBJC_IMPLEMENTATIONS = YES;
				CLANG_WARN_DIRECT_OBJC_ISA_USAGE = YES_ERROR;
				CLANG_WARN_DOCUMENTATION_COMMENTS = YES;
				CLANG_WARN_EMPTY_BODY = YES;
				CLANG_WARN_ENUM_CONVERSION = YES;
				CLANG_WARN_INFINITE_RECURSION = YES;
				CLANG_WARN_INT_CONVERSION = YES;
				CLANG_WARN_NON_LITERAL_NULL_CONVERSION = YES;
				CLANG_WARN_OBJC_IMPLICIT_RETAIN_SELF = YES;
				CLANG_WARN_OBJC_LITERAL_CONVERSION = YES;
				CLANG_WARN_OBJC_ROOT_CLASS = YES_ERROR;
				CLANG_WARN_QUOTED_INCLUDE_IN_FRAMEWORK_HEADER = YES;
				CLANG_WARN_RANGE_LOOP_ANALYSIS = YES;
				CLANG_WARN_STRICT_PROTOTYPES = YES;
				CLANG_WARN_SUSPICIOUS_MOVE = YES;
				CLANG_WARN_UNGUARDED_AVAILABILITY = YES_AGGRESSIVE;
				CLANG_WARN_UNREACHABLE_CODE = YES;
				CLANG_WARN__DUPLICATE_METHOD_MATCH = YES;
				COPY_PHASE_STRIP = NO;
				DEBUG_INFORMATION_FORMAT = "dwarf-with-dsym";
				ENABLE_NS_ASSERTIONS = NO;
				ENABLE_STRICT_OBJC_MSGSEND = YES;
				GCC_C_LANGUAGE_STANDARD = gnu11;
				GCC_NO_COMMON_BLOCKS = YES;
				GCC_WARN_64_TO_32_BIT_CONVERSION = YES;
				GCC_WARN_ABOUT_RETURN_TYPE = YES_ERROR;
				GCC_WARN_UNDECLARED_SELECTOR = YES;
				GCC_WARN_UNINITIALIZED_AUTOS = YES_AGGRESSIVE;
				GCC_WARN_UNUSED_FUNCTION = YES;
				GCC_WARN_UNUSED_VARIABLE = YES;
				IPHONEOS_DEPLOYMENT_TARGET = 13.0;
				MTL_ENABLE_DEBUG_INFO = NO;
				MTL_FAST_MATH = YES;
				SDKROOT = iphoneos;
				SWIFT_COMPILATION_MODE = wholemodule;
				SWIFT_OPTIMIZATION_LEVEL = "-O";
				VALIDATE_PRODUCT = YES;
			};
			name = Release;
		};
		FA81610E2614BC5300A85A6F /* Debug */ = {
			isa = XCBuildConfiguration;
			baseConfigurationReference = E0AB9D43E518E0A6392D2F7C /* Pods-emojis.debug.xcconfig */;
			buildSettings = {
				ASSETCATALOG_COMPILER_APPICON_NAME = AppIcon;
				ASSETCATALOG_COMPILER_GLOBAL_ACCENT_COLOR_NAME = AccentColor;
				CODE_SIGN_STYLE = Automatic;
				INFOPLIST_FILE = emojis/Common/Info.plist;
				LD_RUNPATH_SEARCH_PATHS = (
					"$(inherited)",
					"@executable_path/Frameworks",
				);
				PRODUCT_BUNDLE_IDENTIFIER = com.yuri.emojis;
				PRODUCT_NAME = "$(TARGET_NAME)";
				SWIFT_VERSION = 5.0;
				TARGETED_DEVICE_FAMILY = "1,2";
			};
			name = Debug;
		};
		FA81610F2614BC5300A85A6F /* Release */ = {
			isa = XCBuildConfiguration;
			baseConfigurationReference = DE65EB9CCF06AD2618F0C020 /* Pods-emojis.release.xcconfig */;
			buildSettings = {
				ASSETCATALOG_COMPILER_APPICON_NAME = AppIcon;
				ASSETCATALOG_COMPILER_GLOBAL_ACCENT_COLOR_NAME = AccentColor;
				CODE_SIGN_STYLE = Automatic;
				INFOPLIST_FILE = emojis/Common/Info.plist;
				LD_RUNPATH_SEARCH_PATHS = (
					"$(inherited)",
					"@executable_path/Frameworks",
				);
				PRODUCT_BUNDLE_IDENTIFIER = com.yuri.emojis;
				PRODUCT_NAME = "$(TARGET_NAME)";
				SWIFT_VERSION = 5.0;
				TARGETED_DEVICE_FAMILY = "1,2";
			};
			name = Release;
		};
		FA8161112614BC5300A85A6F /* Debug */ = {
			isa = XCBuildConfiguration;
			baseConfigurationReference = CF8301E98E3C670489F33B4C /* Pods-emojisTests.debug.xcconfig */;
			buildSettings = {
				ALWAYS_EMBED_SWIFT_STANDARD_LIBRARIES = YES;
				BUNDLE_LOADER = "$(TEST_HOST)";
				CODE_SIGN_STYLE = Automatic;
				INFOPLIST_FILE = emojisTests/Info.plist;
				IPHONEOS_DEPLOYMENT_TARGET = 14.4;
				LD_RUNPATH_SEARCH_PATHS = (
					"$(inherited)",
					"@executable_path/Frameworks",
					"@loader_path/Frameworks",
				);
				PRODUCT_BUNDLE_IDENTIFIER = com.yuri.emojisTests;
				PRODUCT_NAME = "$(TARGET_NAME)";
				SWIFT_VERSION = 5.0;
				TARGETED_DEVICE_FAMILY = "1,2";
				TEST_HOST = "$(BUILT_PRODUCTS_DIR)/emojis.app/emojis";
			};
			name = Debug;
		};
		FA8161122614BC5300A85A6F /* Release */ = {
			isa = XCBuildConfiguration;
			baseConfigurationReference = B22B6F395786B8A6A90BB32C /* Pods-emojisTests.release.xcconfig */;
			buildSettings = {
				ALWAYS_EMBED_SWIFT_STANDARD_LIBRARIES = YES;
				BUNDLE_LOADER = "$(TEST_HOST)";
				CODE_SIGN_STYLE = Automatic;
				INFOPLIST_FILE = emojisTests/Info.plist;
				IPHONEOS_DEPLOYMENT_TARGET = 14.4;
				LD_RUNPATH_SEARCH_PATHS = (
					"$(inherited)",
					"@executable_path/Frameworks",
					"@loader_path/Frameworks",
				);
				PRODUCT_BUNDLE_IDENTIFIER = com.yuri.emojisTests;
				PRODUCT_NAME = "$(TARGET_NAME)";
				SWIFT_VERSION = 5.0;
				TARGETED_DEVICE_FAMILY = "1,2";
				TEST_HOST = "$(BUILT_PRODUCTS_DIR)/emojis.app/emojis";
			};
			name = Release;
		};
		FA8161142614BC5300A85A6F /* Debug */ = {
			isa = XCBuildConfiguration;
			baseConfigurationReference = 29EA6AC11868E5CD6E54EA35 /* Pods-emojis-emojisUITests.debug.xcconfig */;
			buildSettings = {
				ALWAYS_EMBED_SWIFT_STANDARD_LIBRARIES = YES;
				CODE_SIGN_STYLE = Automatic;
				INFOPLIST_FILE = emojisUITests/Info.plist;
				LD_RUNPATH_SEARCH_PATHS = (
					"$(inherited)",
					"@executable_path/Frameworks",
					"@loader_path/Frameworks",
				);
				PRODUCT_BUNDLE_IDENTIFIER = com.yuri.emojisUITests;
				PRODUCT_NAME = "$(TARGET_NAME)";
				SWIFT_VERSION = 5.0;
				TARGETED_DEVICE_FAMILY = "1,2";
				TEST_TARGET_NAME = emojis;
			};
			name = Debug;
		};
		FA8161152614BC5300A85A6F /* Release */ = {
			isa = XCBuildConfiguration;
			baseConfigurationReference = FF73000A0EFBC607F8DE93D9 /* Pods-emojis-emojisUITests.release.xcconfig */;
			buildSettings = {
				ALWAYS_EMBED_SWIFT_STANDARD_LIBRARIES = YES;
				CODE_SIGN_STYLE = Automatic;
				INFOPLIST_FILE = emojisUITests/Info.plist;
				LD_RUNPATH_SEARCH_PATHS = (
					"$(inherited)",
					"@executable_path/Frameworks",
					"@loader_path/Frameworks",
				);
				PRODUCT_BUNDLE_IDENTIFIER = com.yuri.emojisUITests;
				PRODUCT_NAME = "$(TARGET_NAME)";
				SWIFT_VERSION = 5.0;
				TARGETED_DEVICE_FAMILY = "1,2";
				TEST_TARGET_NAME = emojis;
			};
			name = Release;
		};
/* End XCBuildConfiguration section */

/* Begin XCConfigurationList section */
		FA8160DE2614BC5000A85A6F /* Build configuration list for PBXProject "emojis" */ = {
			isa = XCConfigurationList;
			buildConfigurations = (
				FA81610B2614BC5300A85A6F /* Debug */,
				FA81610C2614BC5300A85A6F /* Release */,
			);
			defaultConfigurationIsVisible = 0;
			defaultConfigurationName = Release;
		};
		FA81610D2614BC5300A85A6F /* Build configuration list for PBXNativeTarget "emojis" */ = {
			isa = XCConfigurationList;
			buildConfigurations = (
				FA81610E2614BC5300A85A6F /* Debug */,
				FA81610F2614BC5300A85A6F /* Release */,
			);
			defaultConfigurationIsVisible = 0;
			defaultConfigurationName = Release;
		};
		FA8161102614BC5300A85A6F /* Build configuration list for PBXNativeTarget "emojisTests" */ = {
			isa = XCConfigurationList;
			buildConfigurations = (
				FA8161112614BC5300A85A6F /* Debug */,
				FA8161122614BC5300A85A6F /* Release */,
			);
			defaultConfigurationIsVisible = 0;
			defaultConfigurationName = Release;
		};
		FA8161132614BC5300A85A6F /* Build configuration list for PBXNativeTarget "emojisUITests" */ = {
			isa = XCConfigurationList;
			buildConfigurations = (
				FA8161142614BC5300A85A6F /* Debug */,
				FA8161152614BC5300A85A6F /* Release */,
			);
			defaultConfigurationIsVisible = 0;
			defaultConfigurationName = Release;
		};
/* End XCConfigurationList section */

/* Begin XCVersionGroup section */
		FA6CF69C26177E7E00FFBFF6 /* Emojis.xcdatamodeld */ = {
			isa = XCVersionGroup;
			children = (
				FA6CF69D26177E7E00FFBFF6 /* Emojis.xcdatamodel */,
			);
			currentVersion = FA6CF69D26177E7E00FFBFF6 /* Emojis.xcdatamodel */;
			path = Emojis.xcdatamodeld;
			sourceTree = "<group>";
			versionGroupType = wrapper.xcdatamodel;
		};
/* End XCVersionGroup section */
	};
	rootObject = FA8160DB2614BC5000A85A6F /* Project object */;
}
